{
  "object": {
    "pins": [
      {
        "package": "ZipArchive",
        "repositoryURL": "https://github.com/ZipArchive/ZipArchive.git",
        "state": {
          "branch": null,
          "revision": "bc8bdb5216f9b37071a917025d76183a2ea41135",
          "version": null
        }
      }
    ]
  },
  "version": 1
}
